// !$*UTF8*$!
{
	archiveVersion = 1;
	classes = {
	};
	objectVersion = 50;
	objects = {

/* Begin PBXBuildFile section */
		69A4AAD822932B480010E56F /* AppDelegate.swift in Sources */ = {isa = PBXBuildFile; fileRef = 69A4AAD722932B480010E56F /* AppDelegate.swift */; };
		69A4AADA22932B480010E56F /* ViewController.swift in Sources */ = {isa = PBXBuildFile; fileRef = 69A4AAD922932B480010E56F /* ViewController.swift */; };
		69A4AADD22932B480010E56F /* Main.storyboard in Resources */ = {isa = PBXBuildFile; fileRef = 69A4AADB22932B480010E56F /* Main.storyboard */; };
		69A4AADF22932B4D0010E56F /* Assets.xcassets in Resources */ = {isa = PBXBuildFile; fileRef = 69A4AADE22932B4D0010E56F /* Assets.xcassets */; };
		69A4AAE222932B4D0010E56F /* LaunchScreen.storyboard in Resources */ = {isa = PBXBuildFile; fileRef = 69A4AAE022932B4D0010E56F /* LaunchScreen.storyboard */; };
/* End PBXBuildFile section */

/* Begin PBXFileReference section */
		69A4AAD422932B480010E56F /* Network Requests.app */ = {isa = PBXFileReference; explicitFileType = wrapper.application; includeInIndex = 0; path = "Network Requests.app"; sourceTree = BUILT_PRODUCTS_DIR; };
		69A4AAD722932B480010E56F /* AppDelegate.swift */ = {isa = PBXFileReference; lastKnownFileType = sourcecode.swift; path = AppDelegate.swift; sourceTree = "<group>"; };
		69A4AAD922932B480010E56F /* ViewController.swift */ = {isa = PBXFileReference; lastKnownFileType = sourcecode.swift; path = ViewController.swift; sourceTree = "<group>"; };
		69A4AADC22932B480010E56F /* Base */ = {isa = PBXFileReference; lastKnownFileType = file.storyboard; name = Base; path = Base.lproj/Main.storyboard; sourceTree = "<group>"; };
		69A4AADE22932B4D0010E56F /* Assets.xcassets */ = {isa = PBXFileReference; lastKnownFileType = folder.assetcatalog; path = Assets.xcassets; sourceTree = "<group>"; };
		69A4AAE122932B4D0010E56F /* Base */ = {isa = PBXFileReference; lastKnownFileType = file.storyboard; name = Base; path = Base.lproj/LaunchScreen.storyboard; sourceTree = "<group>"; };
		69A4AAE322932B4D0010E56F /* Info.plist */ = {isa = PBXFileReference; lastKnownFileType = text.plist.xml; path = Info.plist; sourceTree = "<group>"; };
/* End PBXFileReference section */

/* Begin PBXFrameworksBuildPhase section */
		69A4AAD122932B480010E56F /* Frameworks */ = {
			isa = PBXFrameworksBuildPhase;
			buildActionMask = 2147483647;
			files = (
			);
			runOnlyForDeploymentPostprocessing = 0;
		};
/* End PBXFrameworksBuildPhase section */

/* Begin PBXGroup section */
		693DC6402299B007008532F6 /* App */ = {
			isa = PBXGroup;
			children = (
				69A4AAD722932B480010E56F /* AppDelegate.swift */,
				69A4AAE322932B4D0010E56F /* Info.plist */,
			);
			path = App;
			sourceTree = "<group>";
		};
		693DC6412299B032008532F6 /* View Controller */ = {
			isa = PBXGroup;
			children = (
				69A4AAD922932B480010E56F /* ViewController.swift */,
			);
			path = "View Controller";
			sourceTree = "<group>";
		};
		693DC6422299B06E008532F6 /* View */ = {
			isa = PBXGroup;
			children = (
				69A4AADB22932B480010E56F /* Main.storyboard */,
				69A4AAE022932B4D0010E56F /* LaunchScreen.storyboard */,
			);
			path = View;
			sourceTree = "<group>";
		};
		693DC6432299B082008532F6 /* Resourses */ = {
			isa = PBXGroup;
			children = (
				69A4AADE22932B4D0010E56F /* Assets.xcassets */,
			);
			path = Resourses;
			sourceTree = "<group>";
		};
		69A4AACB22932B480010E56F = {
			isa = PBXGroup;
			children = (
				69A4AAD622932B480010E56F /* Network Requests */,
				69A4AAD522932B480010E56F /* Products */,
			);
			sourceTree = "<group>";
		};
		69A4AAD522932B480010E56F /* Products */ = {
			isa = PBXGroup;
			children = (
				69A4AAD422932B480010E56F /* Network Requests.app */,
			);
			name = Products;
			sourceTree = "<group>";
		};
		69A4AAD622932B480010E56F /* Network Requests */ = {
			isa = PBXGroup;
			children = (
				693DC6402299B007008532F6 /* App */,
				693DC6432299B082008532F6 /* Resourses */,
				693DC6422299B06E008532F6 /* View */,
				693DC6412299B032008532F6 /* View Controller */,
			);
			path = "Network Requests";
			sourceTree = "<group>";
		};
/* End PBXGroup section */

/* Begin PBXNativeTarget section */
		69A4AAD322932B480010E56F /* Network Requests */ = {
			isa = PBXNativeTarget;
			buildConfigurationList = 69A4AAE622932B4D0010E56F /* Build configuration list for PBXNativeTarget "Network Requests" */;
			buildPhases = (
				69A4AAD022932B480010E56F /* Sources */,
				69A4AAD122932B480010E56F /* Frameworks */,
				69A4AAD222932B480010E56F /* Resources */,
			);
			buildRules = (
			);
			dependencies = (
			);
			name = "Network Requests";
			productName = "Network Requests";
			productReference = 69A4AAD422932B480010E56F /* Network Requests.app */;
			productType = "com.apple.product-type.application";
		};
/* End PBXNativeTarget section */

/* Begin PBXProject section */
		69A4AACC22932B480010E56F /* Project object */ = {
			isa = PBXProject;
			attributes = {
				LastSwiftUpdateCheck = 1020;
				LastUpgradeCheck = 1020;
				ORGANIZATIONNAME = "Denis Bystruev";
				TargetAttributes = {
					69A4AAD322932B480010E56F = {
						CreatedOnToolsVersion = 10.2.1;
					};
				};
			};
			buildConfigurationList = 69A4AACF22932B480010E56F /* Build configuration list for PBXProject "Network Requests" */;
			compatibilityVersion = "Xcode 9.3";
			developmentRegion = en;
			hasScannedForEncodings = 0;
			knownRegions = (
				en,
				Base,
			);
			mainGroup = 69A4AACB22932B480010E56F;
			productRefGroup = 69A4AAD522932B480010E56F /* Products */;
			projectDirPath = "";
			projectRoot = "";
			targets = (
				69A4AAD322932B480010E56F /* Network Requests */,
			);
		};
/* End PBXProject section */

/* Begin PBXResourcesBuildPhase section */
		69A4AAD222932B480010E56F /* Resources */ = {
			isa = PBXResourcesBuildPhase;
			buildActionMask = 2147483647;
			files = (
				69A4AAE222932B4D0010E56F /* LaunchScreen.storyboard in Resources */,
				69A4AADF22932B4D0010E56F /* Assets.xcassets in Resources */,
				69A4AADD22932B480010E56F /* Main.storyboard in Resources */,
			);
			runOnlyForDeploymentPostprocessing = 0;
		};
/* End PBXResourcesBuildPhase section */

/* Begin PBXSourcesBuildPhase section */
		69A4AAD022932B480010E56F /* Sources */ = {
			isa = PBXSourcesBuildPhase;
			buildActionMask = 2147483647;
			files = (
				69A4AADA22932B480010E56F /* ViewController.swift in Sources */,
				69A4AAD822932B480010E56F /* AppDelegate.swift in Sources */,
			);
			runOnlyForDeploymentPostprocessing = 0;
		};
/* End PBXSourcesBuildPhase section */

/* Begin PBXVariantGroup section */
		69A4AADB22932B480010E56F /* Main.storyboard */ = {
			isa = PBXVariantGroup;
			children = (
				69A4AADC22932B480010E56F /* Base */,
			);
			name = Main.storyboard;
			sourceTree = "<group>";
		};
		69A4AAE022932B4D0010E56F /* LaunchScreen.storyboard */ = {
			isa = PBXVariantGroup;
			children = (
				69A4AAE122932B4D0010E56F /* Base */,
			);
			name = LaunchScreen.storyboard;
			sourceTree = "<group>";
		};
/* End PBXVariantGroup section */

/* Begin XCBuildConfiguration section */
		69A4AAE422932B4D0010E56F /* Debug */ = {
			isa = XCBuildConfiguration;
			buildSettings = {
				ALWAYS_SEARCH_USER_PATHS = NO;
				CLANG_ANALYZER_NONNULL = YES;
				CLANG_ANALYZER_NUMBER_OBJECT_CONVERSION = YES_AGGRESSIVE;
				CLANG_CXX_LANGUAGE_STANDARD = "gnu++14";
				CLANG_CXX_LIBRARY = "libc++";
				CLANG_ENABLE_MODULES = YES;
				CLANG_ENABLE_OBJC_ARC = YES;
				CLANG_ENABLE_OBJC_WEAK = YES;
				CLANG_WARN_BLOCK_CAPTURE_AUTORELEASING = YES;
				CLANG_WARN_BOOL_CONVERSION = YES;
				CLANG_WARN_COMMA = YES;
				CLANG_WARN_CONSTANT_CONVERSION = YES;
				CLANG_WARN_DEPRECATED_OBJC_IMPLEMENTATIONS = YES;
				CLANG_WARN_DIRECT_OBJC_ISA_USAGE = YES_ERROR;
				CLANG_WARN_DOCUMENTATION_COMMENTS = YES;
				CLANG_WARN_EMPTY_BODY = YES;
				CLANG_WARN_ENUM_CONVERSION = YES;
				CLANG_WARN_INFINITE_RECURSION = YES;
				CLANG_WARN_INT_CONVERSION = YES;
				CLANG_WARN_NON_LITERAL_NULL_CONVERSION = YES;
				CLANG_WARN_OBJC_IMPLICIT_RETAIN_SELF = YES;
				CLANG_WARN_OBJC_LITERAL_CONVERSION = YES;
				CLANG_WARN_OBJC_ROOT_CLASS = YES_ERROR;
				CLANG_WARN_RANGE_LOOP_ANALYSIS = YES;
				CLANG_WARN_STRICT_PROTOTYPES = YES;
				CLANG_WARN_SUSPICIOUS_MOVE = YES;
				CLANG_WARN_UNGUARDED_AVAILABILITY = YES_AGGRESSIVE;
				CLANG_WARN_UNREACHABLE_CODE = YES;
				CLANG_WARN__DUPLICATE_METHOD_MATCH = YES;
				CODE_SIGN_IDENTITY = "iPhone Developer";
				COPY_PHASE_STRIP = NO;
				DEBUG_INFORMATION_FORMAT = dwarf;
				ENABLE_STRICT_OBJC_MSGSEND = YES;
				ENABLE_TESTABILITY = YES;
				GCC_C_LANGUAGE_STANDARD = gnu11;
				GCC_DYNAMIC_NO_PIC = NO;
				GCC_NO_COMMON_BLOCKS = YES;
				GCC_OPTIMIZATION_LEVEL = 0;
				GCC_PREPROCESSOR_DEFINITIONS = (
					"DEBUG=1",
					"$(inherited)",
				);
				GCC_WARN_64_TO_32_BIT_CONVERSION = YES;
				GCC_WARN_ABOUT_RETURN_TYPE = YES_ERROR;
				GCC_WARN_UNDECLARED_SELECTOR = YES;
				GCC_WARN_UNINITIALIZED_AUTOS = YES_AGGRESSIVE;
				GCC_WARN_UNUSED_FUNCTION = YES;
				GCC_WARN_UNUSED_VARIABLE = YES;
				IPHONEOS_DEPLOYMENT_TARGET = 12.2;
				MTL_ENABLE_DEBUG_INFO = INCLUDE_SOURCE;
				MTL_FAST_MATH = YES;
				ONLY_ACTIVE_ARCH = YES;
				SDKROOT = iphoneos;
				SWIFT_ACTIVE_COMPILATION_CONDITIONS = DEBUG;
				SWIFT_OPTIMIZATION_LEVEL = "-Onone";
			};
			name = Debug;
		};
		69A4AAE522932B4D0010E56F /* Release */ = {
			isa = XCBuildConfiguration;
			buildSettings = {
				ALWAYS_SEARCH_USER_PATHS = NO;
				CLANG_ANALYZER_NONNULL = YES;
				CLANG_ANALYZER_NUMBER_OBJECT_CONVERSION = YES_AGGRESSIVE;
				CLANG_CXX_LANGUAGE_STANDARD = "gnu++14";
				CLANG_CXX_LIBRARY = "libc++";
				CLANG_ENABLE_MODULES = YES;
				CLANG_ENABLE_OBJC_ARC = YES;
				CLANG_ENABLE_OBJC_WEAK = YES;
				CLANG_WARN_BLOCK_CAPTURE_AUTORELEASING = YES;
				CLANG_WARN_BOOL_CONVERSION = YES;
				CLANG_WARN_COMMA = YES;
				CLANG_WARN_CONSTANT_CONVERSION = YES;
				CLANG_WARN_DEPRECATED_OBJC_IMPLEMENTATIONS = YES;
				CLANG_WARN_DIRECT_OBJC_ISA_USAGE = YES_ERROR;
				CLANG_WARN_DOCUMENTATION_COMMENTS = YES;
				CLANG_WARN_EMPTY_BODY = YES;
				CLANG_WARN_ENUM_CONVERSION = YES;
				CLANG_WARN_INFINITE_RECURSION = YES;
				CLANG_WARN_INT_CONVERSION = YES;
				CLANG_WARN_NON_LITERAL_NULL_CONVERSION = YES;
				CLANG_WARN_OBJC_IMPLICIT_RETAIN_SELF = YES;
				CLANG_WARN_OBJC_LITERAL_CONVERSION = YES;
				CLANG_WARN_OBJC_ROOT_CLASS = YES_ERROR;
				CLANG_WARN_RANGE_LOOP_ANALYSIS = YES;
				CLANG_WARN_STRICT_PROTOTYPES = YES;
				CLANG_WARN_SUSPICIOUS_MOVE = YES;
				CLANG_WARN_UNGUARDED_AVAILABILITY = YES_AGGRESSIVE;
				CLANG_WARN_UNREACHABLE_CODE = YES;
				CLANG_WARN__DUPLICATE_METHOD_MATCH = YES;
				CODE_SIGN_IDENTITY = "iPhone Developer";
				COPY_PHASE_STRIP = NO;
				DEBUG_INFORMATION_FORMAT = "dwarf-with-dsym";
				ENABLE_NS_ASSERTIONS = NO;
				ENABLE_STRICT_OBJC_MSGSEND = YES;
				GCC_C_LANGUAGE_STANDARD = gnu11;
				GCC_NO_COMMON_BLOCKS = YES;
				GCC_WARN_64_TO_32_BIT_CONVERSION = YES;
				GCC_WARN_ABOUT_RETURN_TYPE = YES_ERROR;
				GCC_WARN_UNDECLARED_SELECTOR = YES;
				GCC_WARN_UNINITIALIZED_AUTOS = YES_AGGRESSIVE;
				GCC_WARN_UNUSED_FUNCTION = YES;
				GCC_WARN_UNUSED_VARIABLE = YES;
				IPHONEOS_DEPLOYMENT_TARGET = 12.2;
				MTL_ENABLE_DEBUG_INFO = NO;
				MTL_FAST_MATH = YES;
				SDKROOT = iphoneos;
				SWIFT_COMPILATION_MODE = wholemodule;
				SWIFT_OPTIMIZATION_LEVEL = "-O";
				VALIDATE_PRODUCT = YES;
			};
			name = Release;
		};
		69A4AAE722932B4D0010E56F /* Debug */ = {
			isa = XCBuildConfiguration;
			buildSettings = {
				ASSETCATALOG_COMPILER_APPICON_NAME = AppIcon;
				CODE_SIGN_STYLE = Automatic;
				DEVELOPMENT_TEAM = 8J39KF9DMS;
				INFOPLIST_FILE = "$(SRCROOT)/Network Requests/App/Info.plist";
				LD_RUNPATH_SEARCH_PATHS = (
					"$(inherited)",
					"@executable_path/Frameworks",
				);
				PRODUCT_BUNDLE_IDENTIFIER = "ru.learnSwift.Network-Requests";
				PRODUCT_NAME = "$(TARGET_NAME)";
				SWIFT_VERSION = 5.0;
				TARGETED_DEVICE_FAMILY = "1,2";
			};
			name = Debug;
		};
		69A4AAE822932B4D0010E56F /* Release */ = {
			isa = XCBuildConfiguration;
			buildSettings = {
				ASSETCATALOG_COMPILER_APPICON_NAME = AppIcon;
				CODE_SIGN_STYLE = Automatic;
				DEVELOPMENT_TEAM = 8J39KF9DMS;
				INFOPLIST_FILE = "$(SRCROOT)/Network Requests/App/Info.plist";
				LD_RUNPATH_SEARCH_PATHS = (
					"$(inherited)",
					"@executable_path/Frameworks",
				);
				PRODUCT_BUNDLE_IDENTIFIER = "ru.learnSwift.Network-Requests";
				PRODUCT_NAME = "$(TARGET_NAME)";
				SWIFT_VERSION = 5.0;
				TARGETED_DEVICE_FAMILY = "1,2";
			};
			name = Release;
		};
/* End XCBuildConfiguration section */

/* Begin XCConfigurationList section */
		69A4AACF22932B480010E56F /* Build configuration list for PBXProject "Network Requests" */ = {
			isa = XCConfigurationList;
			buildConfigurations = (
				69A4AAE422932B4D0010E56F /* Debug */,
				69A4AAE522932B4D0010E56F /* Release */,
			);
			defaultConfigurationIsVisible = 0;
			defaultConfigurationName = Release;
		};
		69A4AAE622932B4D0010E56F /* Build configuration list for PBXNativeTarget "Network Requests" */ = {
			isa = XCConfigurationList;
			buildConfigurations = (
				69A4AAE722932B4D0010E56F /* Debug */,
				69A4AAE822932B4D0010E56F /* Release */,
			);
			defaultConfigurationIsVisible = 0;
			defaultConfigurationName = Release;
		};
/* End XCConfigurationList section */
	};
	rootObject = 69A4AACC22932B480010E56F /* Project object */;
}
